
Microsoft Visual Studio Solution File, Format Version 12.00
# Visual Studio Version 16
VisualStudioVersion = 16.0.29411.108
MinimumVisualStudioVersion = 10.0.40219.1
Project("{9A19103F-16F7-4668-BE54-9A1E7A4F7556}") = "PawsiblePals", "PawsiblePals\PawsiblePals.csproj", "{94B993C5-FCD2-4F17-A85A-8563A9178651}"
EndProject
Project("{FAE04EC0-301F-11D3-BF4B-00C04F79EFBC}") = "PawsiblePals2", "PawsiblePals2\PawsiblePals2.csproj", "{C767501C-A08A-40A0-924A-D8A1B5E406BE}"
EndProject
Global
	GlobalSection(SolutionConfigurationPlatforms) = preSolution
		Debug|Any CPU = Debug|Any CPU
		Release|Any CPU = Release|Any CPU
	EndGlobalSection
	GlobalSection(ProjectConfigurationPlatforms) = postSolution
		{94B993C5-FCD2-4F17-A85A-8563A9178651}.Debug|Any CPU.ActiveCfg = Debug|Any CPU
		{94B993C5-FCD2-4F17-A85A-8563A9178651}.Debug|Any CPU.Build.0 = Debug|Any CPU
		{94B993C5-FCD2-4F17-A85A-8563A9178651}.Release|Any CPU.ActiveCfg = Release|Any CPU
		{94B993C5-FCD2-4F17-A85A-8563A9178651}.Release|Any CPU.Build.0 = Release|Any CPU
		{C767501C-A08A-40A0-924A-D8A1B5E406BE}.Debug|Any CPU.ActiveCfg = Debug|Any CPU
		{C767501C-A08A-40A0-924A-D8A1B5E406BE}.Debug|Any CPU.Build.0 = Debug|Any CPU
		{C767501C-A08A-40A0-924A-D8A1B5E406BE}.Release|Any CPU.ActiveCfg = Release|Any CPU
		{C767501C-A08A-40A0-924A-D8A1B5E406BE}.Release|Any CPU.Build.0 = Release|Any CPU
	EndGlobalSection
	GlobalSection(SolutionProperties) = preSolution
		HideSolutionNode = FALSE
	EndGlobalSection
	GlobalSection(ExtensibilityGlobals) = postSolution
		SolutionGuid = {46E793D3-ED09-4819-B526-322E034DFD41}
	EndGlobalSection
EndGlobal
